// !$*UTF8*$!
{
	archiveVersion = 1;
	classes = {
	};
	objectVersion = 55;
	objects = {

/* Begin PBXBuildFile section */
		044C070627E4BF6400CE6269 /* AppDelegate.swift in Sources */ = {isa = PBXBuildFile; fileRef = 044C070527E4BF6400CE6269 /* AppDelegate.swift */; };
		044C070827E4BF6400CE6269 /* SceneDelegate.swift in Sources */ = {isa = PBXBuildFile; fileRef = 044C070727E4BF6400CE6269 /* SceneDelegate.swift */; };
		044C070A27E4BF6400CE6269 /* ViewController.swift in Sources */ = {isa = PBXBuildFile; fileRef = 044C070927E4BF6400CE6269 /* ViewController.swift */; };
		044C070D27E4BF6400CE6269 /* Main.storyboard in Resources */ = {isa = PBXBuildFile; fileRef = 044C070B27E4BF6400CE6269 /* Main.storyboard */; };
		044C070F27E4BF6600CE6269 /* Assets.xcassets in Resources */ = {isa = PBXBuildFile; fileRef = 044C070E27E4BF6600CE6269 /* Assets.xcassets */; };
		044C071227E4BF6600CE6269 /* LaunchScreen.storyboard in Resources */ = {isa = PBXBuildFile; fileRef = 044C071027E4BF6600CE6269 /* LaunchScreen.storyboard */; };
		044C072327E4C14500CE6269 /* ViewModel.swift in Sources */ = {isa = PBXBuildFile; fileRef = 044C072227E4C14500CE6269 /* ViewModel.swift */; };
		044C072527E4C69D00CE6269 /* Section1Cell.swift in Sources */ = {isa = PBXBuildFile; fileRef = 044C072427E4C69D00CE6269 /* Section1Cell.swift */; };
		044C072727E4C9E700CE6269 /* Section2Cell.swift in Sources */ = {isa = PBXBuildFile; fileRef = 044C072627E4C9E700CE6269 /* Section2Cell.swift */; };
		044C072927E5D42F00CE6269 /* SectionModel.swift in Sources */ = {isa = PBXBuildFile; fileRef = 044C072827E5D42F00CE6269 /* SectionModel.swift */; };
		044C072B27E61AB800CE6269 /* Section1HeaderView.swift in Sources */ = {isa = PBXBuildFile; fileRef = 044C072A27E61AB800CE6269 /* Section1HeaderView.swift */; };
		0465927927E8A35C00061E11 /* MultiSectionCollectionViewFlowLayout.swift in Sources */ = {isa = PBXBuildFile; fileRef = 0465927827E8A35C00061E11 /* MultiSectionCollectionViewFlowLayout.swift */; };
		04F878AA27E8ABB800FD186E /* ProxyModule in Frameworks */ = {isa = PBXBuildFile; productRef = 04F878A927E8ABB800FD186E /* ProxyModule */; };
		04F878AB27E8ABB800FD186E /* ProxyModule in Embed Frameworks */ = {isa = PBXBuildFile; productRef = 04F878A927E8ABB800FD186E /* ProxyModule */; settings = {ATTRIBUTES = (CodeSignOnCopy, ); }; };
/* End PBXBuildFile section */

/* Begin PBXCopyFilesBuildPhase section */
		044C072127E4C12800CE6269 /* Embed Frameworks */ = {
			isa = PBXCopyFilesBuildPhase;
			buildActionMask = 2147483647;
			dstPath = "";
			dstSubfolderSpec = 10;
			files = (
				04F878AB27E8ABB800FD186E /* ProxyModule in Embed Frameworks */,
			);
			name = "Embed Frameworks";
			runOnlyForDeploymentPostprocessing = 0;
		};
/* End PBXCopyFilesBuildPhase section */

/* Begin PBXFileReference section */
		044C070227E4BF6400CE6269 /* MultiSectionCollectionView.app */ = {isa = PBXFileReference; explicitFileType = wrapper.application; includeInIndex = 0; path = MultiSectionCollectionView.app; sourceTree = BUILT_PRODUCTS_DIR; };
		044C070527E4BF6400CE6269 /* AppDelegate.swift */ = {isa = PBXFileReference; lastKnownFileType = sourcecode.swift; path = AppDelegate.swift; sourceTree = "<group>"; };
		044C070727E4BF6400CE6269 /* SceneDelegate.swift */ = {isa = PBXFileReference; lastKnownFileType = sourcecode.swift; path = SceneDelegate.swift; sourceTree = "<group>"; };
		044C070927E4BF6400CE6269 /* ViewController.swift */ = {isa = PBXFileReference; lastKnownFileType = sourcecode.swift; path = ViewController.swift; sourceTree = "<group>"; };
		044C070C27E4BF6400CE6269 /* Base */ = {isa = PBXFileReference; lastKnownFileType = file.storyboard; name = Base; path = Base.lproj/Main.storyboard; sourceTree = "<group>"; };
		044C070E27E4BF6600CE6269 /* Assets.xcassets */ = {isa = PBXFileReference; lastKnownFileType = folder.assetcatalog; path = Assets.xcassets; sourceTree = "<group>"; };
		044C071127E4BF6600CE6269 /* Base */ = {isa = PBXFileReference; lastKnownFileType = file.storyboard; name = Base; path = Base.lproj/LaunchScreen.storyboard; sourceTree = "<group>"; };
		044C071327E4BF6600CE6269 /* Info.plist */ = {isa = PBXFileReference; lastKnownFileType = text.plist.xml; path = Info.plist; sourceTree = "<group>"; };
		044C072227E4C14500CE6269 /* ViewModel.swift */ = {isa = PBXFileReference; lastKnownFileType = sourcecode.swift; path = ViewModel.swift; sourceTree = "<group>"; };
		044C072427E4C69D00CE6269 /* Section1Cell.swift */ = {isa = PBXFileReference; lastKnownFileType = sourcecode.swift; path = Section1Cell.swift; sourceTree = "<group>"; };
		044C072627E4C9E700CE6269 /* Section2Cell.swift */ = {isa = PBXFileReference; lastKnownFileType = sourcecode.swift; path = Section2Cell.swift; sourceTree = "<group>"; };
		044C072827E5D42F00CE6269 /* SectionModel.swift */ = {isa = PBXFileReference; lastKnownFileType = sourcecode.swift; path = SectionModel.swift; sourceTree = "<group>"; };
		044C072A27E61AB800CE6269 /* Section1HeaderView.swift */ = {isa = PBXFileReference; lastKnownFileType = sourcecode.swift; path = Section1HeaderView.swift; sourceTree = "<group>"; };
		0465927827E8A35C00061E11 /* MultiSectionCollectionViewFlowLayout.swift */ = {isa = PBXFileReference; lastKnownFileType = sourcecode.swift; path = MultiSectionCollectionViewFlowLayout.swift; sourceTree = "<group>"; };
		04F878A827E8ABAB00FD186E /* ProxyModule */ = {isa = PBXFileReference; lastKnownFileType = wrapper; path = ProxyModule; sourceTree = "<group>"; };
/* End PBXFileReference section */

/* Begin PBXFrameworksBuildPhase section */
		044C06FF27E4BF6400CE6269 /* Frameworks */ = {
			isa = PBXFrameworksBuildPhase;
			buildActionMask = 2147483647;
			files = (
				04F878AA27E8ABB800FD186E /* ProxyModule in Frameworks */,
			);
			runOnlyForDeploymentPostprocessing = 0;
		};
/* End PBXFrameworksBuildPhase section */

/* Begin PBXGroup section */
		044C06F927E4BF6300CE6269 = {
			isa = PBXGroup;
			children = (
				044C071A27E4C0A000CE6269 /* Packages */,
				044C070427E4BF6400CE6269 /* MultiSectionCollectionView */,
				044C070327E4BF6400CE6269 /* Products */,
				044C071D27E4C12800CE6269 /* Frameworks */,
			);
			sourceTree = "<group>";
		};
		044C070327E4BF6400CE6269 /* Products */ = {
			isa = PBXGroup;
			children = (
				044C070227E4BF6400CE6269 /* MultiSectionCollectionView.app */,
			);
			name = Products;
			sourceTree = "<group>";
		};
		044C070427E4BF6400CE6269 /* MultiSectionCollectionView */ = {
			isa = PBXGroup;
			children = (
				044C070527E4BF6400CE6269 /* AppDelegate.swift */,
				044C070727E4BF6400CE6269 /* SceneDelegate.swift */,
				0465927827E8A35C00061E11 /* MultiSectionCollectionViewFlowLayout.swift */,
				044C070927E4BF6400CE6269 /* ViewController.swift */,
				044C072427E4C69D00CE6269 /* Section1Cell.swift */,
				044C072627E4C9E700CE6269 /* Section2Cell.swift */,
				044C072227E4C14500CE6269 /* ViewModel.swift */,
				044C070B27E4BF6400CE6269 /* Main.storyboard */,
				044C070E27E4BF6600CE6269 /* Assets.xcassets */,
				044C071027E4BF6600CE6269 /* LaunchScreen.storyboard */,
				044C071327E4BF6600CE6269 /* Info.plist */,
				044C072827E5D42F00CE6269 /* SectionModel.swift */,
				044C072A27E61AB800CE6269 /* Section1HeaderView.swift */,
			);
			path = MultiSectionCollectionView;
			sourceTree = "<group>";
		};
		044C071A27E4C0A000CE6269 /* Packages */ = {
			isa = PBXGroup;
			children = (
				04F878A827E8ABAB00FD186E /* ProxyModule */,
			);
			name = Packages;
			sourceTree = "<group>";
		};
		044C071D27E4C12800CE6269 /* Frameworks */ = {
			isa = PBXGroup;
			children = (
			);
			name = Frameworks;
			sourceTree = "<group>";
		};
/* End PBXGroup section */

/* Begin PBXNativeTarget section */
		044C070127E4BF6400CE6269 /* MultiSectionCollectionView */ = {
			isa = PBXNativeTarget;
			buildConfigurationList = 044C071627E4BF6600CE6269 /* Build configuration list for PBXNativeTarget "MultiSectionCollectionView" */;
			buildPhases = (
				044C06FE27E4BF6400CE6269 /* Sources */,
				044C06FF27E4BF6400CE6269 /* Frameworks */,
				044C070027E4BF6400CE6269 /* Resources */,
				044C072127E4C12800CE6269 /* Embed Frameworks */,
			);
			buildRules = (
			);
			dependencies = (
			);
			name = MultiSectionCollectionView;
			packageProductDependencies = (
				04F878A927E8ABB800FD186E /* ProxyModule */,
			);
			productName = MultiSectionCollectionView;
			productReference = 044C070227E4BF6400CE6269 /* MultiSectionCollectionView.app */;
			productType = "com.apple.product-type.application";
		};
/* End PBXNativeTarget section */

/* Begin PBXProject section */
		044C06FA27E4BF6300CE6269 /* Project object */ = {
			isa = PBXProject;
			attributes = {
				BuildIndependentTargetsInParallel = 1;
				LastSwiftUpdateCheck = 1320;
				LastUpgradeCheck = 1320;
				TargetAttributes = {
					044C070127E4BF6400CE6269 = {
						CreatedOnToolsVersion = 13.2.1;
					};
				};
			};
			buildConfigurationList = 044C06FD27E4BF6300CE6269 /* Build configuration list for PBXProject "MultiSectionCollectionView" */;
			compatibilityVersion = "Xcode 13.0";
			developmentRegion = en;
			hasScannedForEncodings = 0;
			knownRegions = (
				en,
				Base,
			);
			mainGroup = 044C06F927E4BF6300CE6269;
			productRefGroup = 044C070327E4BF6400CE6269 /* Products */;
			projectDirPath = "";
			projectRoot = "";
			targets = (
				044C070127E4BF6400CE6269 /* MultiSectionCollectionView */,
			);
		};
/* End PBXProject section */

/* Begin PBXResourcesBuildPhase section */
		044C070027E4BF6400CE6269 /* Resources */ = {
			isa = PBXResourcesBuildPhase;
			buildActionMask = 2147483647;
			files = (
				044C071227E4BF6600CE6269 /* LaunchScreen.storyboard in Resources */,
				044C070F27E4BF6600CE6269 /* Assets.xcassets in Resources */,
				044C070D27E4BF6400CE6269 /* Main.storyboard in Resources */,
			);
			runOnlyForDeploymentPostprocessing = 0;
		};
/* End PBXResourcesBuildPhase section */

/* Begin PBXSourcesBuildPhase section */
		044C06FE27E4BF6400CE6269 /* Sources */ = {
			isa = PBXSourcesBuildPhase;
			buildActionMask = 2147483647;
			files = (
				044C070A27E4BF6400CE6269 /* ViewController.swift in Sources */,
				044C072527E4C69D00CE6269 /* Section1Cell.swift in Sources */,
				044C072727E4C9E700CE6269 /* Section2Cell.swift in Sources */,
				044C070627E4BF6400CE6269 /* AppDelegate.swift in Sources */,
				0465927927E8A35C00061E11 /* MultiSectionCollectionViewFlowLayout.swift in Sources */,
				044C072327E4C14500CE6269 /* ViewModel.swift in Sources */,
				044C072B27E61AB800CE6269 /* Section1HeaderView.swift in Sources */,
				044C072927E5D42F00CE6269 /* SectionModel.swift in Sources */,
				044C070827E4BF6400CE6269 /* SceneDelegate.swift in Sources */,
			);
			runOnlyForDeploymentPostprocessing = 0;
		};
/* End PBXSourcesBuildPhase section */

/* Begin PBXVariantGroup section */
		044C070B27E4BF6400CE6269 /* Main.storyboard */ = {
			isa = PBXVariantGroup;
			children = (
				044C070C27E4BF6400CE6269 /* Base */,
			);
			name = Main.storyboard;
			sourceTree = "<group>";
		};
		044C071027E4BF6600CE6269 /* LaunchScreen.storyboard */ = {
			isa = PBXVariantGroup;
			children = (
				044C071127E4BF6600CE6269 /* Base */,
			);
			name = LaunchScreen.storyboard;
			sourceTree = "<group>";
		};
/* End PBXVariantGroup section */

/* Begin XCBuildConfiguration section */
		044C071427E4BF6600CE6269 /* Debug */ = {
			isa = XCBuildConfiguration;
			buildSettings = {
				ALWAYS_SEARCH_USER_PATHS = NO;
				CLANG_ANALYZER_NONNULL = YES;
				CLANG_ANALYZER_NUMBER_OBJECT_CONVERSION = YES_AGGRESSIVE;
				CLANG_CXX_LANGUAGE_STANDARD = "gnu++17";
				CLANG_CXX_LIBRARY = "libc++";
				CLANG_ENABLE_MODULES = YES;
				CLANG_ENABLE_OBJC_ARC = YES;
				CLANG_ENABLE_OBJC_WEAK = YES;
				CLANG_WARN_BLOCK_CAPTURE_AUTORELEASING = YES;
				CLANG_WARN_BOOL_CONVERSION = YES;
				CLANG_WARN_COMMA = YES;
				CLANG_WARN_CONSTANT_CONVERSION = YES;
				CLANG_WARN_DEPRECATED_OBJC_IMPLEMENTATIONS = YES;
				CLANG_WARN_DIRECT_OBJC_ISA_USAGE = YES_ERROR;
				CLANG_WARN_DOCUMENTATION_COMMENTS = YES;
				CLANG_WARN_EMPTY_BODY = YES;
				CLANG_WARN_ENUM_CONVERSION = YES;
				CLANG_WARN_INFINITE_RECURSION = YES;
				CLANG_WARN_INT_CONVERSION = YES;
				CLANG_WARN_NON_LITERAL_NULL_CONVERSION = YES;
				CLANG_WARN_OBJC_IMPLICIT_RETAIN_SELF = YES;
				CLANG_WARN_OBJC_LITERAL_CONVERSION = YES;
				CLANG_WARN_OBJC_ROOT_CLASS = YES_ERROR;
				CLANG_WARN_QUOTED_INCLUDE_IN_FRAMEWORK_HEADER = YES;
				CLANG_WARN_RANGE_LOOP_ANALYSIS = YES;
				CLANG_WARN_STRICT_PROTOTYPES = YES;
				CLANG_WARN_SUSPICIOUS_MOVE = YES;
				CLANG_WARN_UNGUARDED_AVAILABILITY = YES_AGGRESSIVE;
				CLANG_WARN_UNREACHABLE_CODE = YES;
				CLANG_WARN__DUPLICATE_METHOD_MATCH = YES;
				COPY_PHASE_STRIP = NO;
				DEBUG_INFORMATION_FORMAT = dwarf;
				ENABLE_STRICT_OBJC_MSGSEND = YES;
				ENABLE_TESTABILITY = YES;
				GCC_C_LANGUAGE_STANDARD = gnu11;
				GCC_DYNAMIC_NO_PIC = NO;
				GCC_NO_COMMON_BLOCKS = YES;
				GCC_OPTIMIZATION_LEVEL = 0;
				GCC_PREPROCESSOR_DEFINITIONS = (
					"DEBUG=1",
					"$(inherited)",
				);
				GCC_WARN_64_TO_32_BIT_CONVERSION = YES;
				GCC_WARN_ABOUT_RETURN_TYPE = YES_ERROR;
				GCC_WARN_UNDECLARED_SELECTOR = YES;
				GCC_WARN_UNINITIALIZED_AUTOS = YES_AGGRESSIVE;
				GCC_WARN_UNUSED_FUNCTION = YES;
				GCC_WARN_UNUSED_VARIABLE = YES;
				IPHONEOS_DEPLOYMENT_TARGET = 15.0;
				MTL_ENABLE_DEBUG_INFO = INCLUDE_SOURCE;
				MTL_FAST_MATH = YES;
				ONLY_ACTIVE_ARCH = YES;
				SDKROOT = iphoneos;
				SWIFT_ACTIVE_COMPILATION_CONDITIONS = DEBUG;
				SWIFT_OPTIMIZATION_LEVEL = "-Onone";
			};
			name = Debug;
		};
		044C071527E4BF6600CE6269 /* Release */ = {
			isa = XCBuildConfiguration;
			buildSettings = {
				ALWAYS_SEARCH_USER_PATHS = NO;
				CLANG_ANALYZER_NONNULL = YES;
				CLANG_ANALYZER_NUMBER_OBJECT_CONVERSION = YES_AGGRESSIVE;
				CLANG_CXX_LANGUAGE_STANDARD = "gnu++17";
				CLANG_CXX_LIBRARY = "libc++";
				CLANG_ENABLE_MODULES = YES;
				CLANG_ENABLE_OBJC_ARC = YES;
				CLANG_ENABLE_OBJC_WEAK = YES;
				CLANG_WARN_BLOCK_CAPTURE_AUTORELEASING = YES;
				CLANG_WARN_BOOL_CONVERSION = YES;
				CLANG_WARN_COMMA = YES;
				CLANG_WARN_CONSTANT_CONVERSION = YES;
				CLANG_WARN_DEPRECATED_OBJC_IMPLEMENTATIONS = YES;
				CLANG_WARN_DIRECT_OBJC_ISA_USAGE = YES_ERROR;
				CLANG_WARN_DOCUMENTATION_COMMENTS = YES;
				CLANG_WARN_EMPTY_BODY = YES;
				CLANG_WARN_ENUM_CONVERSION = YES;
				CLANG_WARN_INFINITE_RECURSION = YES;
				CLANG_WARN_INT_CONVERSION = YES;
				CLANG_WARN_NON_LITERAL_NULL_CONVERSION = YES;
				CLANG_WARN_OBJC_IMPLICIT_RETAIN_SELF = YES;
				CLANG_WARN_OBJC_LITERAL_CONVERSION = YES;
				CLANG_WARN_OBJC_ROOT_CLASS = YES_ERROR;
				CLANG_WARN_QUOTED_INCLUDE_IN_FRAMEWORK_HEADER = YES;
				CLANG_WARN_RANGE_LOOP_ANALYSIS = YES;
				CLANG_WARN_STRICT_PROTOTYPES = YES;
				CLANG_WARN_SUSPICIOUS_MOVE = YES;
				CLANG_WARN_UNGUARDED_AVAILABILITY = YES_AGGRESSIVE;
				CLANG_WARN_UNREACHABLE_CODE = YES;
				CLANG_WARN__DUPLICATE_METHOD_MATCH = YES;
				COPY_PHASE_STRIP = NO;
				DEBUG_INFORMATION_FORMAT = "dwarf-with-dsym";
				ENABLE_NS_ASSERTIONS = NO;
				ENABLE_STRICT_OBJC_MSGSEND = YES;
				GCC_C_LANGUAGE_STANDARD = gnu11;
				GCC_NO_COMMON_BLOCKS = YES;
				GCC_WARN_64_TO_32_BIT_CONVERSION = YES;
				GCC_WARN_ABOUT_RETURN_TYPE = YES_ERROR;
				GCC_WARN_UNDECLARED_SELECTOR = YES;
				GCC_WARN_UNINITIALIZED_AUTOS = YES_AGGRESSIVE;
				GCC_WARN_UNUSED_FUNCTION = YES;
				GCC_WARN_UNUSED_VARIABLE = YES;
				IPHONEOS_DEPLOYMENT_TARGET = 15.0;
				MTL_ENABLE_DEBUG_INFO = NO;
				MTL_FAST_MATH = YES;
				SDKROOT = iphoneos;
				SWIFT_COMPILATION_MODE = wholemodule;
				SWIFT_OPTIMIZATION_LEVEL = "-O";
				VALIDATE_PRODUCT = YES;
			};
			name = Release;
		};
		044C071727E4BF6600CE6269 /* Debug */ = {
			isa = XCBuildConfiguration;
			buildSettings = {
				ASSETCATALOG_COMPILER_APPICON_NAME = AppIcon;
				ASSETCATALOG_COMPILER_GLOBAL_ACCENT_COLOR_NAME = AccentColor;
				CODE_SIGN_STYLE = Automatic;
				CURRENT_PROJECT_VERSION = 1;
				DEVELOPMENT_TEAM = HBZLH8M85C;
				GENERATE_INFOPLIST_FILE = YES;
				INFOPLIST_FILE = MultiSectionCollectionView/Info.plist;
				INFOPLIST_KEY_UIApplicationSupportsIndirectInputEvents = YES;
				INFOPLIST_KEY_UILaunchStoryboardName = LaunchScreen;
				INFOPLIST_KEY_UIMainStoryboardFile = Main;
				INFOPLIST_KEY_UISupportedInterfaceOrientations_iPad = "UIInterfaceOrientationPortrait UIInterfaceOrientationPortraitUpsideDown UIInterfaceOrientationLandscapeLeft UIInterfaceOrientationLandscapeRight";
				INFOPLIST_KEY_UISupportedInterfaceOrientations_iPhone = "UIInterfaceOrientationPortrait UIInterfaceOrientationLandscapeLeft UIInterfaceOrientationLandscapeRight";
				LD_RUNPATH_SEARCH_PATHS = (
					"$(inherited)",
					"@executable_path/Frameworks",
				);
				MARKETING_VERSION = 1.0;
				PRODUCT_BUNDLE_IDENTIFIER = com.wimes.poc.MultiSectionCollectionView;
				PRODUCT_NAME = "$(TARGET_NAME)";
				SWIFT_EMIT_LOC_STRINGS = YES;
				SWIFT_VERSION = 5.0;
				TARGETED_DEVICE_FAMILY = "1,2";
			};
			name = Debug;
		};
		044C071827E4BF6600CE6269 /* Release */ = {
			isa = XCBuildConfiguration;
			buildSettings = {
				ASSETCATALOG_COMPILER_APPICON_NAME = AppIcon;
				ASSETCATALOG_COMPILER_GLOBAL_ACCENT_COLOR_NAME = AccentColor;
				CODE_SIGN_STYLE = Automatic;
				CURRENT_PROJECT_VERSION = 1;
				DEVELOPMENT_TEAM = HBZLH8M85C;
				GENERATE_INFOPLIST_FILE = YES;
				INFOPLIST_FILE = MultiSectionCollectionView/Info.plist;
				INFOPLIST_KEY_UIApplicationSupportsIndirectInputEvents = YES;
				INFOPLIST_KEY_UILaunchStoryboardName = LaunchScreen;
				INFOPLIST_KEY_UIMainStoryboardFile = Main;
				INFOPLIST_KEY_UISupportedInterfaceOrientations_iPad = "UIInterfaceOrientationPortrait UIInterfaceOrientationPortraitUpsideDown UIInterfaceOrientationLandscapeLeft UIInterfaceOrientationLandscapeRight";
				INFOPLIST_KEY_UISupportedInterfaceOrientations_iPhone = "UIInterfaceOrientationPortrait UIInterfaceOrientationLandscapeLeft UIInterfaceOrientationLandscapeRight";
				LD_RUNPATH_SEARCH_PATHS = (
					"$(inherited)",
					"@executable_path/Frameworks",
				);
				MARKETING_VERSION = 1.0;
				PRODUCT_BUNDLE_IDENTIFIER = com.wimes.poc.MultiSectionCollectionView;
				PRODUCT_NAME = "$(TARGET_NAME)";
				SWIFT_EMIT_LOC_STRINGS = YES;
				SWIFT_VERSION = 5.0;
				TARGETED_DEVICE_FAMILY = "1,2";
			};
			name = Release;
		};
/* End XCBuildConfiguration section */

/* Begin XCConfigurationList section */
		044C06FD27E4BF6300CE6269 /* Build configuration list for PBXProject "MultiSectionCollectionView" */ = {
			isa = XCConfigurationList;
			buildConfigurations = (
				044C071427E4BF6600CE6269 /* Debug */,
				044C071527E4BF6600CE6269 /* Release */,
			);
			defaultConfigurationIsVisible = 0;
			defaultConfigurationName = Release;
		};
		044C071627E4BF6600CE6269 /* Build configuration list for PBXNativeTarget "MultiSectionCollectionView" */ = {
			isa = XCConfigurationList;
			buildConfigurations = (
				044C071727E4BF6600CE6269 /* Debug */,
				044C071827E4BF6600CE6269 /* Release */,
			);
			defaultConfigurationIsVisible = 0;
			defaultConfigurationName = Release;
		};
/* End XCConfigurationList section */

/* Begin XCSwiftPackageProductDependency section */
		04F878A927E8ABB800FD186E /* ProxyModule */ = {
			isa = XCSwiftPackageProductDependency;
			productName = ProxyModule;
		};
/* End XCSwiftPackageProductDependency section */
	};
	rootObject = 044C06FA27E4BF6300CE6269 /* Project object */;
}
