// !$*UTF8*$!
{
	archiveVersion = 1;
	classes = {
	};
	objectVersion = 55;
	objects = {

/* Begin PBXBuildFile section */
		04A15EF027D8419C00EA722D /* AppDelegate.swift in Sources */ = {isa = PBXBuildFile; fileRef = 04A15EEF27D8419C00EA722D /* AppDelegate.swift */; };
		04A15EF227D8419C00EA722D /* SceneDelegate.swift in Sources */ = {isa = PBXBuildFile; fileRef = 04A15EF127D8419C00EA722D /* SceneDelegate.swift */; };
		04A15EF427D8419C00EA722D /* ViewController.swift in Sources */ = {isa = PBXBuildFile; fileRef = 04A15EF327D8419C00EA722D /* ViewController.swift */; };
		04A15EF727D8419C00EA722D /* Main.storyboard in Resources */ = {isa = PBXBuildFile; fileRef = 04A15EF527D8419C00EA722D /* Main.storyboard */; };
		04A15EF927D8419D00EA722D /* Assets.xcassets in Resources */ = {isa = PBXBuildFile; fileRef = 04A15EF827D8419D00EA722D /* Assets.xcassets */; };
		04A15EFC27D8419D00EA722D /* LaunchScreen.storyboard in Resources */ = {isa = PBXBuildFile; fileRef = 04A15EFA27D8419D00EA722D /* LaunchScreen.storyboard */; };
		04A15F0727D8419D00EA722D /* ShareTestTests.swift in Sources */ = {isa = PBXBuildFile; fileRef = 04A15F0627D8419D00EA722D /* ShareTestTests.swift */; };
		04A15F1127D8419D00EA722D /* ShareTestUITests.swift in Sources */ = {isa = PBXBuildFile; fileRef = 04A15F1027D8419D00EA722D /* ShareTestUITests.swift */; };
		04A15F1327D8419D00EA722D /* ShareTestUITestsLaunchTests.swift in Sources */ = {isa = PBXBuildFile; fileRef = 04A15F1227D8419D00EA722D /* ShareTestUITestsLaunchTests.swift */; };
		04A15F2327D8424800EA722D /* ProxyModule in Frameworks */ = {isa = PBXBuildFile; productRef = 04A15F2227D8424800EA722D /* ProxyModule */; };
/* End PBXBuildFile section */

/* Begin PBXContainerItemProxy section */
		04A15F0327D8419D00EA722D /* PBXContainerItemProxy */ = {
			isa = PBXContainerItemProxy;
			containerPortal = 04A15EE427D8419C00EA722D /* Project object */;
			proxyType = 1;
			remoteGlobalIDString = 04A15EEB27D8419C00EA722D;
			remoteInfo = ShareTest;
		};
		04A15F0D27D8419D00EA722D /* PBXContainerItemProxy */ = {
			isa = PBXContainerItemProxy;
			containerPortal = 04A15EE427D8419C00EA722D /* Project object */;
			proxyType = 1;
			remoteGlobalIDString = 04A15EEB27D8419C00EA722D;
			remoteInfo = ShareTest;
		};
/* End PBXContainerItemProxy section */

/* Begin PBXFileReference section */
		04A15EEC27D8419C00EA722D /* ShareTest.app */ = {isa = PBXFileReference; explicitFileType = wrapper.application; includeInIndex = 0; path = ShareTest.app; sourceTree = BUILT_PRODUCTS_DIR; };
		04A15EEF27D8419C00EA722D /* AppDelegate.swift */ = {isa = PBXFileReference; lastKnownFileType = sourcecode.swift; path = AppDelegate.swift; sourceTree = "<group>"; };
		04A15EF127D8419C00EA722D /* SceneDelegate.swift */ = {isa = PBXFileReference; lastKnownFileType = sourcecode.swift; path = SceneDelegate.swift; sourceTree = "<group>"; };
		04A15EF327D8419C00EA722D /* ViewController.swift */ = {isa = PBXFileReference; lastKnownFileType = sourcecode.swift; path = ViewController.swift; sourceTree = "<group>"; };
		04A15EF627D8419C00EA722D /* Base */ = {isa = PBXFileReference; lastKnownFileType = file.storyboard; name = Base; path = Base.lproj/Main.storyboard; sourceTree = "<group>"; };
		04A15EF827D8419D00EA722D /* Assets.xcassets */ = {isa = PBXFileReference; lastKnownFileType = folder.assetcatalog; path = Assets.xcassets; sourceTree = "<group>"; };
		04A15EFB27D8419D00EA722D /* Base */ = {isa = PBXFileReference; lastKnownFileType = file.storyboard; name = Base; path = Base.lproj/LaunchScreen.storyboard; sourceTree = "<group>"; };
		04A15EFD27D8419D00EA722D /* Info.plist */ = {isa = PBXFileReference; lastKnownFileType = text.plist.xml; path = Info.plist; sourceTree = "<group>"; };
		04A15F0227D8419D00EA722D /* ShareTestTests.xctest */ = {isa = PBXFileReference; explicitFileType = wrapper.cfbundle; includeInIndex = 0; path = ShareTestTests.xctest; sourceTree = BUILT_PRODUCTS_DIR; };
		04A15F0627D8419D00EA722D /* ShareTestTests.swift */ = {isa = PBXFileReference; lastKnownFileType = sourcecode.swift; path = ShareTestTests.swift; sourceTree = "<group>"; };
		04A15F0C27D8419D00EA722D /* ShareTestUITests.xctest */ = {isa = PBXFileReference; explicitFileType = wrapper.cfbundle; includeInIndex = 0; path = ShareTestUITests.xctest; sourceTree = BUILT_PRODUCTS_DIR; };
		04A15F1027D8419D00EA722D /* ShareTestUITests.swift */ = {isa = PBXFileReference; lastKnownFileType = sourcecode.swift; path = ShareTestUITests.swift; sourceTree = "<group>"; };
		04A15F1227D8419D00EA722D /* ShareTestUITestsLaunchTests.swift */ = {isa = PBXFileReference; lastKnownFileType = sourcecode.swift; path = ShareTestUITestsLaunchTests.swift; sourceTree = "<group>"; };
		04A15F2027D8423B00EA722D /* ProxyModule */ = {isa = PBXFileReference; lastKnownFileType = wrapper; path = ProxyModule; sourceTree = "<group>"; };
/* End PBXFileReference section */

/* Begin PBXFrameworksBuildPhase section */
		04A15EE927D8419C00EA722D /* Frameworks */ = {
			isa = PBXFrameworksBuildPhase;
			buildActionMask = 2147483647;
			files = (
				04A15F2327D8424800EA722D /* ProxyModule in Frameworks */,
			);
			runOnlyForDeploymentPostprocessing = 0;
		};
		04A15EFF27D8419D00EA722D /* Frameworks */ = {
			isa = PBXFrameworksBuildPhase;
			buildActionMask = 2147483647;
			files = (
			);
			runOnlyForDeploymentPostprocessing = 0;
		};
		04A15F0927D8419D00EA722D /* Frameworks */ = {
			isa = PBXFrameworksBuildPhase;
			buildActionMask = 2147483647;
			files = (
			);
			runOnlyForDeploymentPostprocessing = 0;
		};
/* End PBXFrameworksBuildPhase section */

/* Begin PBXGroup section */
		04A15EE327D8419C00EA722D = {
			isa = PBXGroup;
			children = (
				04A15F1F27D8423B00EA722D /* Packages */,
				04A15EEE27D8419C00EA722D /* ShareTest */,
				04A15F0527D8419D00EA722D /* ShareTestTests */,
				04A15F0F27D8419D00EA722D /* ShareTestUITests */,
				04A15EED27D8419C00EA722D /* Products */,
				04A15F2127D8424800EA722D /* Frameworks */,
			);
			sourceTree = "<group>";
		};
		04A15EED27D8419C00EA722D /* Products */ = {
			isa = PBXGroup;
			children = (
				04A15EEC27D8419C00EA722D /* ShareTest.app */,
				04A15F0227D8419D00EA722D /* ShareTestTests.xctest */,
				04A15F0C27D8419D00EA722D /* ShareTestUITests.xctest */,
			);
			name = Products;
			sourceTree = "<group>";
		};
		04A15EEE27D8419C00EA722D /* ShareTest */ = {
			isa = PBXGroup;
			children = (
				04A15EEF27D8419C00EA722D /* AppDelegate.swift */,
				04A15EF127D8419C00EA722D /* SceneDelegate.swift */,
				04A15EF327D8419C00EA722D /* ViewController.swift */,
				04A15EF527D8419C00EA722D /* Main.storyboard */,
				04A15EF827D8419D00EA722D /* Assets.xcassets */,
				04A15EFA27D8419D00EA722D /* LaunchScreen.storyboard */,
				04A15EFD27D8419D00EA722D /* Info.plist */,
			);
			path = ShareTest;
			sourceTree = "<group>";
		};
		04A15F0527D8419D00EA722D /* ShareTestTests */ = {
			isa = PBXGroup;
			children = (
				04A15F0627D8419D00EA722D /* ShareTestTests.swift */,
			);
			path = ShareTestTests;
			sourceTree = "<group>";
		};
		04A15F0F27D8419D00EA722D /* ShareTestUITests */ = {
			isa = PBXGroup;
			children = (
				04A15F1027D8419D00EA722D /* ShareTestUITests.swift */,
				04A15F1227D8419D00EA722D /* ShareTestUITestsLaunchTests.swift */,
			);
			path = ShareTestUITests;
			sourceTree = "<group>";
		};
		04A15F1F27D8423B00EA722D /* Packages */ = {
			isa = PBXGroup;
			children = (
				04A15F2027D8423B00EA722D /* ProxyModule */,
			);
			name = Packages;
			sourceTree = "<group>";
		};
		04A15F2127D8424800EA722D /* Frameworks */ = {
			isa = PBXGroup;
			children = (
			);
			name = Frameworks;
			sourceTree = "<group>";
		};
/* End PBXGroup section */

/* Begin PBXNativeTarget section */
		04A15EEB27D8419C00EA722D /* ShareTest */ = {
			isa = PBXNativeTarget;
			buildConfigurationList = 04A15F1627D8419D00EA722D /* Build configuration list for PBXNativeTarget "ShareTest" */;
			buildPhases = (
				04A15EE827D8419C00EA722D /* Sources */,
				04A15EE927D8419C00EA722D /* Frameworks */,
				04A15EEA27D8419C00EA722D /* Resources */,
			);
			buildRules = (
			);
			dependencies = (
			);
			name = ShareTest;
			packageProductDependencies = (
				04A15F2227D8424800EA722D /* ProxyModule */,
			);
			productName = ShareTest;
			productReference = 04A15EEC27D8419C00EA722D /* ShareTest.app */;
			productType = "com.apple.product-type.application";
		};
		04A15F0127D8419D00EA722D /* ShareTestTests */ = {
			isa = PBXNativeTarget;
			buildConfigurationList = 04A15F1927D8419D00EA722D /* Build configuration list for PBXNativeTarget "ShareTestTests" */;
			buildPhases = (
				04A15EFE27D8419D00EA722D /* Sources */,
				04A15EFF27D8419D00EA722D /* Frameworks */,
				04A15F0027D8419D00EA722D /* Resources */,
			);
			buildRules = (
			);
			dependencies = (
				04A15F0427D8419D00EA722D /* PBXTargetDependency */,
			);
			name = ShareTestTests;
			productName = ShareTestTests;
			productReference = 04A15F0227D8419D00EA722D /* ShareTestTests.xctest */;
			productType = "com.apple.product-type.bundle.unit-test";
		};
		04A15F0B27D8419D00EA722D /* ShareTestUITests */ = {
			isa = PBXNativeTarget;
			buildConfigurationList = 04A15F1C27D8419D00EA722D /* Build configuration list for PBXNativeTarget "ShareTestUITests" */;
			buildPhases = (
				04A15F0827D8419D00EA722D /* Sources */,
				04A15F0927D8419D00EA722D /* Frameworks */,
				04A15F0A27D8419D00EA722D /* Resources */,
			);
			buildRules = (
			);
			dependencies = (
				04A15F0E27D8419D00EA722D /* PBXTargetDependency */,
			);
			name = ShareTestUITests;
			productName = ShareTestUITests;
			productReference = 04A15F0C27D8419D00EA722D /* ShareTestUITests.xctest */;
			productType = "com.apple.product-type.bundle.ui-testing";
		};
/* End PBXNativeTarget section */

/* Begin PBXProject section */
		04A15EE427D8419C00EA722D /* Project object */ = {
			isa = PBXProject;
			attributes = {
				BuildIndependentTargetsInParallel = 1;
				LastSwiftUpdateCheck = 1320;
				LastUpgradeCheck = 1320;
				TargetAttributes = {
					04A15EEB27D8419C00EA722D = {
						CreatedOnToolsVersion = 13.2.1;
					};
					04A15F0127D8419D00EA722D = {
						CreatedOnToolsVersion = 13.2.1;
						TestTargetID = 04A15EEB27D8419C00EA722D;
					};
					04A15F0B27D8419D00EA722D = {
						CreatedOnToolsVersion = 13.2.1;
						TestTargetID = 04A15EEB27D8419C00EA722D;
					};
				};
			};
			buildConfigurationList = 04A15EE727D8419C00EA722D /* Build configuration list for PBXProject "ShareTest" */;
			compatibilityVersion = "Xcode 13.0";
			developmentRegion = en;
			hasScannedForEncodings = 0;
			knownRegions = (
				en,
				Base,
			);
			mainGroup = 04A15EE327D8419C00EA722D;
			productRefGroup = 04A15EED27D8419C00EA722D /* Products */;
			projectDirPath = "";
			projectRoot = "";
			targets = (
				04A15EEB27D8419C00EA722D /* ShareTest */,
				04A15F0127D8419D00EA722D /* ShareTestTests */,
				04A15F0B27D8419D00EA722D /* ShareTestUITests */,
			);
		};
/* End PBXProject section */

/* Begin PBXResourcesBuildPhase section */
		04A15EEA27D8419C00EA722D /* Resources */ = {
			isa = PBXResourcesBuildPhase;
			buildActionMask = 2147483647;
			files = (
				04A15EFC27D8419D00EA722D /* LaunchScreen.storyboard in Resources */,
				04A15EF927D8419D00EA722D /* Assets.xcassets in Resources */,
				04A15EF727D8419C00EA722D /* Main.storyboard in Resources */,
			);
			runOnlyForDeploymentPostprocessing = 0;
		};
		04A15F0027D8419D00EA722D /* Resources */ = {
			isa = PBXResourcesBuildPhase;
			buildActionMask = 2147483647;
			files = (
			);
			runOnlyForDeploymentPostprocessing = 0;
		};
		04A15F0A27D8419D00EA722D /* Resources */ = {
			isa = PBXResourcesBuildPhase;
			buildActionMask = 2147483647;
			files = (
			);
			runOnlyForDeploymentPostprocessing = 0;
		};
/* End PBXResourcesBuildPhase section */

/* Begin PBXSourcesBuildPhase section */
		04A15EE827D8419C00EA722D /* Sources */ = {
			isa = PBXSourcesBuildPhase;
			buildActionMask = 2147483647;
			files = (
				04A15EF427D8419C00EA722D /* ViewController.swift in Sources */,
				04A15EF027D8419C00EA722D /* AppDelegate.swift in Sources */,
				04A15EF227D8419C00EA722D /* SceneDelegate.swift in Sources */,
			);
			runOnlyForDeploymentPostprocessing = 0;
		};
		04A15EFE27D8419D00EA722D /* Sources */ = {
			isa = PBXSourcesBuildPhase;
			buildActionMask = 2147483647;
			files = (
				04A15F0727D8419D00EA722D /* ShareTestTests.swift in Sources */,
			);
			runOnlyForDeploymentPostprocessing = 0;
		};
		04A15F0827D8419D00EA722D /* Sources */ = {
			isa = PBXSourcesBuildPhase;
			buildActionMask = 2147483647;
			files = (
				04A15F1327D8419D00EA722D /* ShareTestUITestsLaunchTests.swift in Sources */,
				04A15F1127D8419D00EA722D /* ShareTestUITests.swift in Sources */,
			);
			runOnlyForDeploymentPostprocessing = 0;
		};
/* End PBXSourcesBuildPhase section */

/* Begin PBXTargetDependency section */
		04A15F0427D8419D00EA722D /* PBXTargetDependency */ = {
			isa = PBXTargetDependency;
			target = 04A15EEB27D8419C00EA722D /* ShareTest */;
			targetProxy = 04A15F0327D8419D00EA722D /* PBXContainerItemProxy */;
		};
		04A15F0E27D8419D00EA722D /* PBXTargetDependency */ = {
			isa = PBXTargetDependency;
			target = 04A15EEB27D8419C00EA722D /* ShareTest */;
			targetProxy = 04A15F0D27D8419D00EA722D /* PBXContainerItemProxy */;
		};
/* End PBXTargetDependency section */

/* Begin PBXVariantGroup section */
		04A15EF527D8419C00EA722D /* Main.storyboard */ = {
			isa = PBXVariantGroup;
			children = (
				04A15EF627D8419C00EA722D /* Base */,
			);
			name = Main.storyboard;
			sourceTree = "<group>";
		};
		04A15EFA27D8419D00EA722D /* LaunchScreen.storyboard */ = {
			isa = PBXVariantGroup;
			children = (
				04A15EFB27D8419D00EA722D /* Base */,
			);
			name = LaunchScreen.storyboard;
			sourceTree = "<group>";
		};
/* End PBXVariantGroup section */

/* Begin XCBuildConfiguration section */
		04A15F1427D8419D00EA722D /* Debug */ = {
			isa = XCBuildConfiguration;
			buildSettings = {
				ALWAYS_SEARCH_USER_PATHS = NO;
				CLANG_ANALYZER_NONNULL = YES;
				CLANG_ANALYZER_NUMBER_OBJECT_CONVERSION = YES_AGGRESSIVE;
				CLANG_CXX_LANGUAGE_STANDARD = "gnu++17";
				CLANG_CXX_LIBRARY = "libc++";
				CLANG_ENABLE_MODULES = YES;
				CLANG_ENABLE_OBJC_ARC = YES;
				CLANG_ENABLE_OBJC_WEAK = YES;
				CLANG_WARN_BLOCK_CAPTURE_AUTORELEASING = YES;
				CLANG_WARN_BOOL_CONVERSION = YES;
				CLANG_WARN_COMMA = YES;
				CLANG_WARN_CONSTANT_CONVERSION = YES;
				CLANG_WARN_DEPRECATED_OBJC_IMPLEMENTATIONS = YES;
				CLANG_WARN_DIRECT_OBJC_ISA_USAGE = YES_ERROR;
				CLANG_WARN_DOCUMENTATION_COMMENTS = YES;
				CLANG_WARN_EMPTY_BODY = YES;
				CLANG_WARN_ENUM_CONVERSION = YES;
				CLANG_WARN_INFINITE_RECURSION = YES;
				CLANG_WARN_INT_CONVERSION = YES;
				CLANG_WARN_NON_LITERAL_NULL_CONVERSION = YES;
				CLANG_WARN_OBJC_IMPLICIT_RETAIN_SELF = YES;
				CLANG_WARN_OBJC_LITERAL_CONVERSION = YES;
				CLANG_WARN_OBJC_ROOT_CLASS = YES_ERROR;
				CLANG_WARN_QUOTED_INCLUDE_IN_FRAMEWORK_HEADER = YES;
				CLANG_WARN_RANGE_LOOP_ANALYSIS = YES;
				CLANG_WARN_STRICT_PROTOTYPES = YES;
				CLANG_WARN_SUSPICIOUS_MOVE = YES;
				CLANG_WARN_UNGUARDED_AVAILABILITY = YES_AGGRESSIVE;
				CLANG_WARN_UNREACHABLE_CODE = YES;
				CLANG_WARN__DUPLICATE_METHOD_MATCH = YES;
				COPY_PHASE_STRIP = NO;
				DEBUG_INFORMATION_FORMAT = dwarf;
				ENABLE_STRICT_OBJC_MSGSEND = YES;
				ENABLE_TESTABILITY = YES;
				GCC_C_LANGUAGE_STANDARD = gnu11;
				GCC_DYNAMIC_NO_PIC = NO;
				GCC_NO_COMMON_BLOCKS = YES;
				GCC_OPTIMIZATION_LEVEL = 0;
				GCC_PREPROCESSOR_DEFINITIONS = (
					"DEBUG=1",
					"$(inherited)",
				);
				GCC_WARN_64_TO_32_BIT_CONVERSION = YES;
				GCC_WARN_ABOUT_RETURN_TYPE = YES_ERROR;
				GCC_WARN_UNDECLARED_SELECTOR = YES;
				GCC_WARN_UNINITIALIZED_AUTOS = YES_AGGRESSIVE;
				GCC_WARN_UNUSED_FUNCTION = YES;
				GCC_WARN_UNUSED_VARIABLE = YES;
				IPHONEOS_DEPLOYMENT_TARGET = 15.2;
				MTL_ENABLE_DEBUG_INFO = INCLUDE_SOURCE;
				MTL_FAST_MATH = YES;
				ONLY_ACTIVE_ARCH = YES;
				SDKROOT = iphoneos;
				SWIFT_ACTIVE_COMPILATION_CONDITIONS = DEBUG;
				SWIFT_OPTIMIZATION_LEVEL = "-Onone";
			};
			name = Debug;
		};
		04A15F1527D8419D00EA722D /* Release */ = {
			isa = XCBuildConfiguration;
			buildSettings = {
				ALWAYS_SEARCH_USER_PATHS = NO;
				CLANG_ANALYZER_NONNULL = YES;
				CLANG_ANALYZER_NUMBER_OBJECT_CONVERSION = YES_AGGRESSIVE;
				CLANG_CXX_LANGUAGE_STANDARD = "gnu++17";
				CLANG_CXX_LIBRARY = "libc++";
				CLANG_ENABLE_MODULES = YES;
				CLANG_ENABLE_OBJC_ARC = YES;
				CLANG_ENABLE_OBJC_WEAK = YES;
				CLANG_WARN_BLOCK_CAPTURE_AUTORELEASING = YES;
				CLANG_WARN_BOOL_CONVERSION = YES;
				CLANG_WARN_COMMA = YES;
				CLANG_WARN_CONSTANT_CONVERSION = YES;
				CLANG_WARN_DEPRECATED_OBJC_IMPLEMENTATIONS = YES;
				CLANG_WARN_DIRECT_OBJC_ISA_USAGE = YES_ERROR;
				CLANG_WARN_DOCUMENTATION_COMMENTS = YES;
				CLANG_WARN_EMPTY_BODY = YES;
				CLANG_WARN_ENUM_CONVERSION = YES;
				CLANG_WARN_INFINITE_RECURSION = YES;
				CLANG_WARN_INT_CONVERSION = YES;
				CLANG_WARN_NON_LITERAL_NULL_CONVERSION = YES;
				CLANG_WARN_OBJC_IMPLICIT_RETAIN_SELF = YES;
				CLANG_WARN_OBJC_LITERAL_CONVERSION = YES;
				CLANG_WARN_OBJC_ROOT_CLASS = YES_ERROR;
				CLANG_WARN_QUOTED_INCLUDE_IN_FRAMEWORK_HEADER = YES;
				CLANG_WARN_RANGE_LOOP_ANALYSIS = YES;
				CLANG_WARN_STRICT_PROTOTYPES = YES;
				CLANG_WARN_SUSPICIOUS_MOVE = YES;
				CLANG_WARN_UNGUARDED_AVAILABILITY = YES_AGGRESSIVE;
				CLANG_WARN_UNREACHABLE_CODE = YES;
				CLANG_WARN__DUPLICATE_METHOD_MATCH = YES;
				COPY_PHASE_STRIP = NO;
				DEBUG_INFORMATION_FORMAT = "dwarf-with-dsym";
				ENABLE_NS_ASSERTIONS = NO;
				ENABLE_STRICT_OBJC_MSGSEND = YES;
				GCC_C_LANGUAGE_STANDARD = gnu11;
				GCC_NO_COMMON_BLOCKS = YES;
				GCC_WARN_64_TO_32_BIT_CONVERSION = YES;
				GCC_WARN_ABOUT_RETURN_TYPE = YES_ERROR;
				GCC_WARN_UNDECLARED_SELECTOR = YES;
				GCC_WARN_UNINITIALIZED_AUTOS = YES_AGGRESSIVE;
				GCC_WARN_UNUSED_FUNCTION = YES;
				GCC_WARN_UNUSED_VARIABLE = YES;
				IPHONEOS_DEPLOYMENT_TARGET = 15.2;
				MTL_ENABLE_DEBUG_INFO = NO;
				MTL_FAST_MATH = YES;
				SDKROOT = iphoneos;
				SWIFT_COMPILATION_MODE = wholemodule;
				SWIFT_OPTIMIZATION_LEVEL = "-O";
				VALIDATE_PRODUCT = YES;
			};
			name = Release;
		};
		04A15F1727D8419D00EA722D /* Debug */ = {
			isa = XCBuildConfiguration;
			buildSettings = {
				ASSETCATALOG_COMPILER_APPICON_NAME = AppIcon;
				ASSETCATALOG_COMPILER_GLOBAL_ACCENT_COLOR_NAME = AccentColor;
				CODE_SIGN_STYLE = Automatic;
				CURRENT_PROJECT_VERSION = 1;
				GENERATE_INFOPLIST_FILE = YES;
				INFOPLIST_FILE = ShareTest/Info.plist;
				INFOPLIST_KEY_UIApplicationSupportsIndirectInputEvents = YES;
				INFOPLIST_KEY_UILaunchStoryboardName = LaunchScreen;
				INFOPLIST_KEY_UIMainStoryboardFile = Main;
				INFOPLIST_KEY_UISupportedInterfaceOrientations_iPad = "UIInterfaceOrientationPortrait UIInterfaceOrientationPortraitUpsideDown UIInterfaceOrientationLandscapeLeft UIInterfaceOrientationLandscapeRight";
				INFOPLIST_KEY_UISupportedInterfaceOrientations_iPhone = "UIInterfaceOrientationPortrait UIInterfaceOrientationLandscapeLeft UIInterfaceOrientationLandscapeRight";
				LD_RUNPATH_SEARCH_PATHS = (
					"$(inherited)",
					"@executable_path/Frameworks",
				);
				MARKETING_VERSION = 1.0;
				PRODUCT_BUNDLE_IDENTIFIER = com.wimes.ShareTest;
				PRODUCT_NAME = "$(TARGET_NAME)";
				SWIFT_EMIT_LOC_STRINGS = YES;
				SWIFT_VERSION = 5.0;
				TARGETED_DEVICE_FAMILY = "1,2";
			};
			name = Debug;
		};
		04A15F1827D8419D00EA722D /* Release */ = {
			isa = XCBuildConfiguration;
			buildSettings = {
				ASSETCATALOG_COMPILER_APPICON_NAME = AppIcon;
				ASSETCATALOG_COMPILER_GLOBAL_ACCENT_COLOR_NAME = AccentColor;
				CODE_SIGN_STYLE = Automatic;
				CURRENT_PROJECT_VERSION = 1;
				GENERATE_INFOPLIST_FILE = YES;
				INFOPLIST_FILE = ShareTest/Info.plist;
				INFOPLIST_KEY_UIApplicationSupportsIndirectInputEvents = YES;
				INFOPLIST_KEY_UILaunchStoryboardName = LaunchScreen;
				INFOPLIST_KEY_UIMainStoryboardFile = Main;
				INFOPLIST_KEY_UISupportedInterfaceOrientations_iPad = "UIInterfaceOrientationPortrait UIInterfaceOrientationPortraitUpsideDown UIInterfaceOrientationLandscapeLeft UIInterfaceOrientationLandscapeRight";
				INFOPLIST_KEY_UISupportedInterfaceOrientations_iPhone = "UIInterfaceOrientationPortrait UIInterfaceOrientationLandscapeLeft UIInterfaceOrientationLandscapeRight";
				LD_RUNPATH_SEARCH_PATHS = (
					"$(inherited)",
					"@executable_path/Frameworks",
				);
				MARKETING_VERSION = 1.0;
				PRODUCT_BUNDLE_IDENTIFIER = com.wimes.ShareTest;
				PRODUCT_NAME = "$(TARGET_NAME)";
				SWIFT_EMIT_LOC_STRINGS = YES;
				SWIFT_VERSION = 5.0;
				TARGETED_DEVICE_FAMILY = "1,2";
			};
			name = Release;
		};
		04A15F1A27D8419D00EA722D /* Debug */ = {
			isa = XCBuildConfiguration;
			buildSettings = {
				ALWAYS_EMBED_SWIFT_STANDARD_LIBRARIES = YES;
				BUNDLE_LOADER = "$(TEST_HOST)";
				CODE_SIGN_STYLE = Automatic;
				CURRENT_PROJECT_VERSION = 1;
				GENERATE_INFOPLIST_FILE = YES;
				IPHONEOS_DEPLOYMENT_TARGET = 15.2;
				MARKETING_VERSION = 1.0;
				PRODUCT_BUNDLE_IDENTIFIER = com.wimes.ShareTestTests;
				PRODUCT_NAME = "$(TARGET_NAME)";
				SWIFT_EMIT_LOC_STRINGS = NO;
				SWIFT_VERSION = 5.0;
				TARGETED_DEVICE_FAMILY = "1,2";
				TEST_HOST = "$(BUILT_PRODUCTS_DIR)/ShareTest.app/ShareTest";
			};
			name = Debug;
		};
		04A15F1B27D8419D00EA722D /* Release */ = {
			isa = XCBuildConfiguration;
			buildSettings = {
				ALWAYS_EMBED_SWIFT_STANDARD_LIBRARIES = YES;
				BUNDLE_LOADER = "$(TEST_HOST)";
				CODE_SIGN_STYLE = Automatic;
				CURRENT_PROJECT_VERSION = 1;
				GENERATE_INFOPLIST_FILE = YES;
				IPHONEOS_DEPLOYMENT_TARGET = 15.2;
				MARKETING_VERSION = 1.0;
				PRODUCT_BUNDLE_IDENTIFIER = com.wimes.ShareTestTests;
				PRODUCT_NAME = "$(TARGET_NAME)";
				SWIFT_EMIT_LOC_STRINGS = NO;
				SWIFT_VERSION = 5.0;
				TARGETED_DEVICE_FAMILY = "1,2";
				TEST_HOST = "$(BUILT_PRODUCTS_DIR)/ShareTest.app/ShareTest";
			};
			name = Release;
		};
		04A15F1D27D8419D00EA722D /* Debug */ = {
			isa = XCBuildConfiguration;
			buildSettings = {
				ALWAYS_EMBED_SWIFT_STANDARD_LIBRARIES = YES;
				CODE_SIGN_STYLE = Automatic;
				CURRENT_PROJECT_VERSION = 1;
				GENERATE_INFOPLIST_FILE = YES;
				MARKETING_VERSION = 1.0;
				PRODUCT_BUNDLE_IDENTIFIER = com.wimes.ShareTestUITests;
				PRODUCT_NAME = "$(TARGET_NAME)";
				SWIFT_EMIT_LOC_STRINGS = NO;
				SWIFT_VERSION = 5.0;
				TARGETED_DEVICE_FAMILY = "1,2";
				TEST_TARGET_NAME = ShareTest;
			};
			name = Debug;
		};
		04A15F1E27D8419D00EA722D /* Release */ = {
			isa = XCBuildConfiguration;
			buildSettings = {
				ALWAYS_EMBED_SWIFT_STANDARD_LIBRARIES = YES;
				CODE_SIGN_STYLE = Automatic;
				CURRENT_PROJECT_VERSION = 1;
				GENERATE_INFOPLIST_FILE = YES;
				MARKETING_VERSION = 1.0;
				PRODUCT_BUNDLE_IDENTIFIER = com.wimes.ShareTestUITests;
				PRODUCT_NAME = "$(TARGET_NAME)";
				SWIFT_EMIT_LOC_STRINGS = NO;
				SWIFT_VERSION = 5.0;
				TARGETED_DEVICE_FAMILY = "1,2";
				TEST_TARGET_NAME = ShareTest;
			};
			name = Release;
		};
/* End XCBuildConfiguration section */

/* Begin XCConfigurationList section */
		04A15EE727D8419C00EA722D /* Build configuration list for PBXProject "ShareTest" */ = {
			isa = XCConfigurationList;
			buildConfigurations = (
				04A15F1427D8419D00EA722D /* Debug */,
				04A15F1527D8419D00EA722D /* Release */,
			);
			defaultConfigurationIsVisible = 0;
			defaultConfigurationName = Release;
		};
		04A15F1627D8419D00EA722D /* Build configuration list for PBXNativeTarget "ShareTest" */ = {
			isa = XCConfigurationList;
			buildConfigurations = (
				04A15F1727D8419D00EA722D /* Debug */,
				04A15F1827D8419D00EA722D /* Release */,
			);
			defaultConfigurationIsVisible = 0;
			defaultConfigurationName = Release;
		};
		04A15F1927D8419D00EA722D /* Build configuration list for PBXNativeTarget "ShareTestTests" */ = {
			isa = XCConfigurationList;
			buildConfigurations = (
				04A15F1A27D8419D00EA722D /* Debug */,
				04A15F1B27D8419D00EA722D /* Release */,
			);
			defaultConfigurationIsVisible = 0;
			defaultConfigurationName = Release;
		};
		04A15F1C27D8419D00EA722D /* Build configuration list for PBXNativeTarget "ShareTestUITests" */ = {
			isa = XCConfigurationList;
			buildConfigurations = (
				04A15F1D27D8419D00EA722D /* Debug */,
				04A15F1E27D8419D00EA722D /* Release */,
			);
			defaultConfigurationIsVisible = 0;
			defaultConfigurationName = Release;
		};
/* End XCConfigurationList section */

/* Begin XCSwiftPackageProductDependency section */
		04A15F2227D8424800EA722D /* ProxyModule */ = {
			isa = XCSwiftPackageProductDependency;
			productName = ProxyModule;
		};
/* End XCSwiftPackageProductDependency section */
	};
	rootObject = 04A15EE427D8419C00EA722D /* Project object */;
}
